
Microsoft Visual Studio Solution File, Format Version 12.00
# Visual Studio Version 17
VisualStudioVersion = 17.14.36616.10
MinimumVisualStudioVersion = 10.0.40219.1
Project("{FAE04EC0-301F-11D3-BF4B-00C04F79EFBC}") = "Ornek01", "Ornek01\Ornek01.csproj", "{AA5A613B-11F0-40AF-97CF-7FE3DD2301F3}"
EndProject
Project("{FAE04EC0-301F-11D3-BF4B-00C04F79EFBC}") = "Ornek02", "Ornek02\Ornek02.csproj", "{2D7587A4-85CF-4C2C-B92B-E260D96E2047}"
EndProject
Project("{FAE04EC0-301F-11D3-BF4B-00C04F79EFBC}") = "Ornek03", "Ornek03\Ornek03.csproj", "{39D99C11-EB9C-4FF1-9DD8-4661AD9AB950}"
EndProject
Project("{FAE04EC0-301F-11D3-BF4B-00C04F79EFBC}") = "Ornek04", "Ornek04\Ornek04.csproj", "{EC07006D-EA1E-46C0-949E-DB73194347C9}"
EndProject
Project("{FAE04EC0-301F-11D3-BF4B-00C04F79EFBC}") = "Ornek05", "Ornek05\Ornek05.csproj", "{A72763BA-6CC8-4B2F-9CDB-821BE9372D10}"
EndProject
Project("{FAE04EC0-301F-11D3-BF4B-00C04F79EFBC}") = "Ornek06", "Ornek06\Ornek06.csproj", "{A7174E4F-7770-4418-B5F6-D134DB09749D}"
EndProject
Project("{FAE04EC0-301F-11D3-BF4B-00C04F79EFBC}") = "Ornek07", "Ornek07\Ornek07.csproj", "{2C5B6CCF-F959-46AA-827E-8D1C6D44E4C8}"
EndProject
Project("{FAE04EC0-301F-11D3-BF4B-00C04F79EFBC}") = "Ornek08", "Ornek08\Ornek08.csproj", "{C02D57DB-82FF-4CDA-BEFC-8FCD530CA363}"
EndProject
Project("{FAE04EC0-301F-11D3-BF4B-00C04F79EFBC}") = "Ornek09", "Ornek09\Ornek09.csproj", "{B9995700-439D-4431-91FD-582B4A6DEBC4}"
EndProject
Global
	GlobalSection(SolutionConfigurationPlatforms) = preSolution
		Debug|Any CPU = Debug|Any CPU
		Release|Any CPU = Release|Any CPU
	EndGlobalSection
	GlobalSection(ProjectConfigurationPlatforms) = postSolution
		{AA5A613B-11F0-40AF-97CF-7FE3DD2301F3}.Debug|Any CPU.ActiveCfg = Debug|Any CPU
		{AA5A613B-11F0-40AF-97CF-7FE3DD2301F3}.Debug|Any CPU.Build.0 = Debug|Any CPU
		{AA5A613B-11F0-40AF-97CF-7FE3DD2301F3}.Release|Any CPU.ActiveCfg = Release|Any CPU
		{AA5A613B-11F0-40AF-97CF-7FE3DD2301F3}.Release|Any CPU.Build.0 = Release|Any CPU
		{2D7587A4-85CF-4C2C-B92B-E260D96E2047}.Debug|Any CPU.ActiveCfg = Debug|Any CPU
		{2D7587A4-85CF-4C2C-B92B-E260D96E2047}.Debug|Any CPU.Build.0 = Debug|Any CPU
		{2D7587A4-85CF-4C2C-B92B-E260D96E2047}.Release|Any CPU.ActiveCfg = Release|Any CPU
		{2D7587A4-85CF-4C2C-B92B-E260D96E2047}.Release|Any CPU.Build.0 = Release|Any CPU
		{39D99C11-EB9C-4FF1-9DD8-4661AD9AB950}.Debug|Any CPU.ActiveCfg = Debug|Any CPU
		{39D99C11-EB9C-4FF1-9DD8-4661AD9AB950}.Debug|Any CPU.Build.0 = Debug|Any CPU
		{39D99C11-EB9C-4FF1-9DD8-4661AD9AB950}.Release|Any CPU.ActiveCfg = Release|Any CPU
		{39D99C11-EB9C-4FF1-9DD8-4661AD9AB950}.Release|Any CPU.Build.0 = Release|Any CPU
		{EC07006D-EA1E-46C0-949E-DB73194347C9}.Debug|Any CPU.ActiveCfg = Debug|Any CPU
		{EC07006D-EA1E-46C0-949E-DB73194347C9}.Debug|Any CPU.Build.0 = Debug|Any CPU
		{EC07006D-EA1E-46C0-949E-DB73194347C9}.Release|Any CPU.ActiveCfg = Release|Any CPU
		{EC07006D-EA1E-46C0-949E-DB73194347C9}.Release|Any CPU.Build.0 = Release|Any CPU
		{A72763BA-6CC8-4B2F-9CDB-821BE9372D10}.Debug|Any CPU.ActiveCfg = Debug|Any CPU
		{A72763BA-6CC8-4B2F-9CDB-821BE9372D10}.Debug|Any CPU.Build.0 = Debug|Any CPU
		{A72763BA-6CC8-4B2F-9CDB-821BE9372D10}.Release|Any CPU.ActiveCfg = Release|Any CPU
		{A72763BA-6CC8-4B2F-9CDB-821BE9372D10}.Release|Any CPU.Build.0 = Release|Any CPU
		{A7174E4F-7770-4418-B5F6-D134DB09749D}.Debug|Any CPU.ActiveCfg = Debug|Any CPU
		{A7174E4F-7770-4418-B5F6-D134DB09749D}.Debug|Any CPU.Build.0 = Debug|Any CPU
		{A7174E4F-7770-4418-B5F6-D134DB09749D}.Release|Any CPU.ActiveCfg = Release|Any CPU
		{A7174E4F-7770-4418-B5F6-D134DB09749D}.Release|Any CPU.Build.0 = Release|Any CPU
		{2C5B6CCF-F959-46AA-827E-8D1C6D44E4C8}.Debug|Any CPU.ActiveCfg = Debug|Any CPU
		{2C5B6CCF-F959-46AA-827E-8D1C6D44E4C8}.Debug|Any CPU.Build.0 = Debug|Any CPU
		{2C5B6CCF-F959-46AA-827E-8D1C6D44E4C8}.Release|Any CPU.ActiveCfg = Release|Any CPU
		{2C5B6CCF-F959-46AA-827E-8D1C6D44E4C8}.Release|Any CPU.Build.0 = Release|Any CPU
		{C02D57DB-82FF-4CDA-BEFC-8FCD530CA363}.Debug|Any CPU.ActiveCfg = Debug|Any CPU
		{C02D57DB-82FF-4CDA-BEFC-8FCD530CA363}.Debug|Any CPU.Build.0 = Debug|Any CPU
		{C02D57DB-82FF-4CDA-BEFC-8FCD530CA363}.Release|Any CPU.ActiveCfg = Release|Any CPU
		{C02D57DB-82FF-4CDA-BEFC-8FCD530CA363}.Release|Any CPU.Build.0 = Release|Any CPU
		{B9995700-439D-4431-91FD-582B4A6DEBC4}.Debug|Any CPU.ActiveCfg = Debug|Any CPU
		{B9995700-439D-4431-91FD-582B4A6DEBC4}.Debug|Any CPU.Build.0 = Debug|Any CPU
		{B9995700-439D-4431-91FD-582B4A6DEBC4}.Release|Any CPU.ActiveCfg = Release|Any CPU
		{B9995700-439D-4431-91FD-582B4A6DEBC4}.Release|Any CPU.Build.0 = Release|Any CPU
	EndGlobalSection
	GlobalSection(SolutionProperties) = preSolution
		HideSolutionNode = FALSE
	EndGlobalSection
	GlobalSection(ExtensibilityGlobals) = postSolution
		SolutionGuid = {1C7107D3-9AEA-494E-A6F8-09EA33AB328A}
	EndGlobalSection
EndGlobal
